[ "cherly": {:git, "git://github.com/leo-project/cherly.git", "f93015ca396c8a0bf772b14980c13e7bdcd91d81", []},
  "erlfsmon": {:git, "git://github.com/proger/erlfsmon.git", "12759ab5e531d89768e14078f130daf9e5969749", []},
  "erlsh": {:git, "https://github.com/proger/erlsh", "490aa8f2ce80810d7aa3c0125c9fb34706004d70", [ref: "HEAD"]} ]
